// !$*UTF8*$!
{
	archiveVersion = 1;
	classes = {
	};
	objectVersion = 50;
	objects = {

/* Begin PBXBuildFile section */
		75138134241011990006E754 /* LocationsDetailsViewController.swift in Sources */ = {isa = PBXBuildFile; fileRef = 75138133241011990006E754 /* LocationsDetailsViewController.swift */; };
		753BB158240D69A300305751 /* AppDelegate.swift in Sources */ = {isa = PBXBuildFile; fileRef = 753BB157240D69A300305751 /* AppDelegate.swift */; };
		753BB15A240D69A300305751 /* SceneDelegate.swift in Sources */ = {isa = PBXBuildFile; fileRef = 753BB159240D69A300305751 /* SceneDelegate.swift */; };
		753BB15C240D69A300305751 /* ViewController.swift in Sources */ = {isa = PBXBuildFile; fileRef = 753BB15B240D69A300305751 /* ViewController.swift */; };
		753BB15F240D69A300305751 /* Main.storyboard in Resources */ = {isa = PBXBuildFile; fileRef = 753BB15D240D69A300305751 /* Main.storyboard */; };
		753BB161240D69A600305751 /* Assets.xcassets in Resources */ = {isa = PBXBuildFile; fileRef = 753BB160240D69A600305751 /* Assets.xcassets */; };
		753BB164240D69A600305751 /* LaunchScreen.storyboard in Resources */ = {isa = PBXBuildFile; fileRef = 753BB162240D69A600305751 /* LaunchScreen.storyboard */; };
		753BB16F240D69A600305751 /* _Za_HunterTests.swift in Sources */ = {isa = PBXBuildFile; fileRef = 753BB16E240D69A600305751 /* _Za_HunterTests.swift */; };
		753BB17A240D69A600305751 /* _Za_HunterUITests.swift in Sources */ = {isa = PBXBuildFile; fileRef = 753BB179240D69A600305751 /* _Za_HunterUITests.swift */; };
/* End PBXBuildFile section */

/* Begin PBXContainerItemProxy section */
		753BB16B240D69A600305751 /* PBXContainerItemProxy */ = {
			isa = PBXContainerItemProxy;
			containerPortal = 753BB14C240D69A300305751 /* Project object */;
			proxyType = 1;
			remoteGlobalIDString = 753BB153240D69A300305751;
			remoteInfo = "'Za Hunter";
		};
		753BB176240D69A600305751 /* PBXContainerItemProxy */ = {
			isa = PBXContainerItemProxy;
			containerPortal = 753BB14C240D69A300305751 /* Project object */;
			proxyType = 1;
			remoteGlobalIDString = 753BB153240D69A300305751;
			remoteInfo = "'Za Hunter";
		};
/* End PBXContainerItemProxy section */

/* Begin PBXFileReference section */
		75138133241011990006E754 /* LocationsDetailsViewController.swift */ = {isa = PBXFileReference; lastKnownFileType = sourcecode.swift; path = LocationsDetailsViewController.swift; sourceTree = "<group>"; };
		753BB154240D69A300305751 /* 'Za Hunter.app */ = {isa = PBXFileReference; explicitFileType = wrapper.application; includeInIndex = 0; path = "'Za Hunter.app"; sourceTree = BUILT_PRODUCTS_DIR; };
		753BB157240D69A300305751 /* AppDelegate.swift */ = {isa = PBXFileReference; lastKnownFileType = sourcecode.swift; path = AppDelegate.swift; sourceTree = "<group>"; };
		753BB159240D69A300305751 /* SceneDelegate.swift */ = {isa = PBXFileReference; lastKnownFileType = sourcecode.swift; path = SceneDelegate.swift; sourceTree = "<group>"; };
		753BB15B240D69A300305751 /* ViewController.swift */ = {isa = PBXFileReference; lastKnownFileType = sourcecode.swift; path = ViewController.swift; sourceTree = "<group>"; };
		753BB15E240D69A300305751 /* Base */ = {isa = PBXFileReference; lastKnownFileType = file.storyboard; name = Base; path = Base.lproj/Main.storyboard; sourceTree = "<group>"; };
		753BB160240D69A600305751 /* Assets.xcassets */ = {isa = PBXFileReference; lastKnownFileType = folder.assetcatalog; path = Assets.xcassets; sourceTree = "<group>"; };
		753BB163240D69A600305751 /* Base */ = {isa = PBXFileReference; lastKnownFileType = file.storyboard; name = Base; path = Base.lproj/LaunchScreen.storyboard; sourceTree = "<group>"; };
		753BB165240D69A600305751 /* Info.plist */ = {isa = PBXFileReference; lastKnownFileType = text.plist.xml; path = Info.plist; sourceTree = "<group>"; };
		753BB16A240D69A600305751 /* 'Za HunterTests.xctest */ = {isa = PBXFileReference; explicitFileType = wrapper.cfbundle; includeInIndex = 0; path = "'Za HunterTests.xctest"; sourceTree = BUILT_PRODUCTS_DIR; };
		753BB16E240D69A600305751 /* _Za_HunterTests.swift */ = {isa = PBXFileReference; lastKnownFileType = sourcecode.swift; path = _Za_HunterTests.swift; sourceTree = "<group>"; };
		753BB170240D69A600305751 /* Info.plist */ = {isa = PBXFileReference; lastKnownFileType = text.plist.xml; path = Info.plist; sourceTree = "<group>"; };
		753BB175240D69A600305751 /* 'Za HunterUITests.xctest */ = {isa = PBXFileReference; explicitFileType = wrapper.cfbundle; includeInIndex = 0; path = "'Za HunterUITests.xctest"; sourceTree = BUILT_PRODUCTS_DIR; };
		753BB179240D69A600305751 /* _Za_HunterUITests.swift */ = {isa = PBXFileReference; lastKnownFileType = sourcecode.swift; path = _Za_HunterUITests.swift; sourceTree = "<group>"; };
		753BB17B240D69A600305751 /* Info.plist */ = {isa = PBXFileReference; lastKnownFileType = text.plist.xml; path = Info.plist; sourceTree = "<group>"; };
/* End PBXFileReference section */

/* Begin PBXFrameworksBuildPhase section */
		753BB151240D69A300305751 /* Frameworks */ = {
			isa = PBXFrameworksBuildPhase;
			buildActionMask = 2147483647;
			files = (
			);
			runOnlyForDeploymentPostprocessing = 0;
		};
		753BB167240D69A600305751 /* Frameworks */ = {
			isa = PBXFrameworksBuildPhase;
			buildActionMask = 2147483647;
			files = (
			);
			runOnlyForDeploymentPostprocessing = 0;
		};
		753BB172240D69A600305751 /* Frameworks */ = {
			isa = PBXFrameworksBuildPhase;
			buildActionMask = 2147483647;
			files = (
			);
			runOnlyForDeploymentPostprocessing = 0;
		};
/* End PBXFrameworksBuildPhase section */

/* Begin PBXGroup section */
		753BB14B240D69A300305751 = {
			isa = PBXGroup;
			children = (
				753BB156240D69A300305751 /* 'Za Hunter */,
				753BB16D240D69A600305751 /* 'Za HunterTests */,
				753BB178240D69A600305751 /* 'Za HunterUITests */,
				753BB155240D69A300305751 /* Products */,
			);
			sourceTree = "<group>";
		};
		753BB155240D69A300305751 /* Products */ = {
			isa = PBXGroup;
			children = (
				753BB154240D69A300305751 /* 'Za Hunter.app */,
				753BB16A240D69A600305751 /* 'Za HunterTests.xctest */,
				753BB175240D69A600305751 /* 'Za HunterUITests.xctest */,
			);
			name = Products;
			sourceTree = "<group>";
		};
		753BB156240D69A300305751 /* 'Za Hunter */ = {
			isa = PBXGroup;
			children = (
				753BB157240D69A300305751 /* AppDelegate.swift */,
				753BB159240D69A300305751 /* SceneDelegate.swift */,
				753BB15B240D69A300305751 /* ViewController.swift */,
				75138133241011990006E754 /* LocationsDetailsViewController.swift */,
				753BB15D240D69A300305751 /* Main.storyboard */,
				753BB160240D69A600305751 /* Assets.xcassets */,
				753BB162240D69A600305751 /* LaunchScreen.storyboard */,
				753BB165240D69A600305751 /* Info.plist */,
			);
			path = "'Za Hunter";
			sourceTree = "<group>";
		};
		753BB16D240D69A600305751 /* 'Za HunterTests */ = {
			isa = PBXGroup;
			children = (
				753BB16E240D69A600305751 /* _Za_HunterTests.swift */,
				753BB170240D69A600305751 /* Info.plist */,
			);
			path = "'Za HunterTests";
			sourceTree = "<group>";
		};
		753BB178240D69A600305751 /* 'Za HunterUITests */ = {
			isa = PBXGroup;
			children = (
				753BB179240D69A600305751 /* _Za_HunterUITests.swift */,
				753BB17B240D69A600305751 /* Info.plist */,
			);
			path = "'Za HunterUITests";
			sourceTree = "<group>";
		};
/* End PBXGroup section */

/* Begin PBXNativeTarget section */
		753BB153240D69A300305751 /* 'Za Hunter */ = {
			isa = PBXNativeTarget;
			buildConfigurationList = 753BB17E240D69A600305751 /* Build configuration list for PBXNativeTarget "'Za Hunter" */;
			buildPhases = (
				753BB150240D69A300305751 /* Sources */,
				753BB151240D69A300305751 /* Frameworks */,
				753BB152240D69A300305751 /* Resources */,
			);
			buildRules = (
			);
			dependencies = (
			);
			name = "'Za Hunter";
			productName = "'Za Hunter";
			productReference = 753BB154240D69A300305751 /* 'Za Hunter.app */;
			productType = "com.apple.product-type.application";
		};
		753BB169240D69A600305751 /* 'Za HunterTests */ = {
			isa = PBXNativeTarget;
			buildConfigurationList = 753BB181240D69A600305751 /* Build configuration list for PBXNativeTarget "'Za HunterTests" */;
			buildPhases = (
				753BB166240D69A600305751 /* Sources */,
				753BB167240D69A600305751 /* Frameworks */,
				753BB168240D69A600305751 /* Resources */,
			);
			buildRules = (
			);
			dependencies = (
				753BB16C240D69A600305751 /* PBXTargetDependency */,
			);
			name = "'Za HunterTests";
			productName = "'Za HunterTests";
			productReference = 753BB16A240D69A600305751 /* 'Za HunterTests.xctest */;
			productType = "com.apple.product-type.bundle.unit-test";
		};
		753BB174240D69A600305751 /* 'Za HunterUITests */ = {
			isa = PBXNativeTarget;
			buildConfigurationList = 753BB184240D69A600305751 /* Build configuration list for PBXNativeTarget "'Za HunterUITests" */;
			buildPhases = (
				753BB171240D69A600305751 /* Sources */,
				753BB172240D69A600305751 /* Frameworks */,
				753BB173240D69A600305751 /* Resources */,
			);
			buildRules = (
			);
			dependencies = (
				753BB177240D69A600305751 /* PBXTargetDependency */,
			);
			name = "'Za HunterUITests";
			productName = "'Za HunterUITests";
			productReference = 753BB175240D69A600305751 /* 'Za HunterUITests.xctest */;
			productType = "com.apple.product-type.bundle.ui-testing";
		};
/* End PBXNativeTarget section */

/* Begin PBXProject section */
		753BB14C240D69A300305751 /* Project object */ = {
			isa = PBXProject;
			attributes = {
				LastSwiftUpdateCheck = 1110;
				LastUpgradeCheck = 1110;
				ORGANIZATIONNAME = "Novak Software Development";
				TargetAttributes = {
					753BB153240D69A300305751 = {
						CreatedOnToolsVersion = 11.1;
					};
					753BB169240D69A600305751 = {
						CreatedOnToolsVersion = 11.1;
						TestTargetID = 753BB153240D69A300305751;
					};
					753BB174240D69A600305751 = {
						CreatedOnToolsVersion = 11.1;
						TestTargetID = 753BB153240D69A300305751;
					};
				};
			};
			buildConfigurationList = 753BB14F240D69A300305751 /* Build configuration list for PBXProject "'Za Hunter" */;
			compatibilityVersion = "Xcode 9.3";
			developmentRegion = en;
			hasScannedForEncodings = 0;
			knownRegions = (
				en,
				Base,
			);
			mainGroup = 753BB14B240D69A300305751;
			productRefGroup = 753BB155240D69A300305751 /* Products */;
			projectDirPath = "";
			projectRoot = "";
			targets = (
				753BB153240D69A300305751 /* 'Za Hunter */,
				753BB169240D69A600305751 /* 'Za HunterTests */,
				753BB174240D69A600305751 /* 'Za HunterUITests */,
			);
		};
/* End PBXProject section */

/* Begin PBXResourcesBuildPhase section */
		753BB152240D69A300305751 /* Resources */ = {
			isa = PBXResourcesBuildPhase;
			buildActionMask = 2147483647;
			files = (
				753BB164240D69A600305751 /* LaunchScreen.storyboard in Resources */,
				753BB161240D69A600305751 /* Assets.xcassets in Resources */,
				753BB15F240D69A300305751 /* Main.storyboard in Resources */,
			);
			runOnlyForDeploymentPostprocessing = 0;
		};
		753BB168240D69A600305751 /* Resources */ = {
			isa = PBXResourcesBuildPhase;
			buildActionMask = 2147483647;
			files = (
			);
			runOnlyForDeploymentPostprocessing = 0;
		};
		753BB173240D69A600305751 /* Resources */ = {
			isa = PBXResourcesBuildPhase;
			buildActionMask = 2147483647;
			files = (
			);
			runOnlyForDeploymentPostprocessing = 0;
		};
/* End PBXResourcesBuildPhase section */

/* Begin PBXSourcesBuildPhase section */
		753BB150240D69A300305751 /* Sources */ = {
			isa = PBXSourcesBuildPhase;
			buildActionMask = 2147483647;
			files = (
				75138134241011990006E754 /* LocationsDetailsViewController.swift in Sources */,
				753BB15C240D69A300305751 /* ViewController.swift in Sources */,
				753BB158240D69A300305751 /* AppDelegate.swift in Sources */,
				753BB15A240D69A300305751 /* SceneDelegate.swift in Sources */,
			);
			runOnlyForDeploymentPostprocessing = 0;
		};
		753BB166240D69A600305751 /* Sources */ = {
			isa = PBXSourcesBuildPhase;
			buildActionMask = 2147483647;
			files = (
				753BB16F240D69A600305751 /* _Za_HunterTests.swift in Sources */,
			);
			runOnlyForDeploymentPostprocessing = 0;
		};
		753BB171240D69A600305751 /* Sources */ = {
			isa = PBXSourcesBuildPhase;
			buildActionMask = 2147483647;
			files = (
				753BB17A240D69A600305751 /* _Za_HunterUITests.swift in Sources */,
			);
			runOnlyForDeploymentPostprocessing = 0;
		};
/* End PBXSourcesBuildPhase section */

/* Begin PBXTargetDependency section */
		753BB16C240D69A600305751 /* PBXTargetDependency */ = {
			isa = PBXTargetDependency;
			target = 753BB153240D69A300305751 /* 'Za Hunter */;
			targetProxy = 753BB16B240D69A600305751 /* PBXContainerItemProxy */;
		};
		753BB177240D69A600305751 /* PBXTargetDependency */ = {
			isa = PBXTargetDependency;
			target = 753BB153240D69A300305751 /* 'Za Hunter */;
			targetProxy = 753BB176240D69A600305751 /* PBXContainerItemProxy */;
		};
/* End PBXTargetDependency section */

/* Begin PBXVariantGroup section */
		753BB15D240D69A300305751 /* Main.storyboard */ = {
			isa = PBXVariantGroup;
			children = (
				753BB15E240D69A300305751 /* Base */,
			);
			name = Main.storyboard;
			sourceTree = "<group>";
		};
		753BB162240D69A600305751 /* LaunchScreen.storyboard */ = {
			isa = PBXVariantGroup;
			children = (
				753BB163240D69A600305751 /* Base */,
			);
			name = LaunchScreen.storyboard;
			sourceTree = "<group>";
		};
/* End PBXVariantGroup section */

/* Begin XCBuildConfiguration section */
		753BB17C240D69A600305751 /* Debug */ = {
			isa = XCBuildConfiguration;
			buildSettings = {
				ALWAYS_SEARCH_USER_PATHS = NO;
				CLANG_ANALYZER_NONNULL = YES;
				CLANG_ANALYZER_NUMBER_OBJECT_CONVERSION = YES_AGGRESSIVE;
				CLANG_CXX_LANGUAGE_STANDARD = "gnu++14";
				CLANG_CXX_LIBRARY = "libc++";
				CLANG_ENABLE_MODULES = YES;
				CLANG_ENABLE_OBJC_ARC = YES;
				CLANG_ENABLE_OBJC_WEAK = YES;
				CLANG_WARN_BLOCK_CAPTURE_AUTORELEASING = YES;
				CLANG_WARN_BOOL_CONVERSION = YES;
				CLANG_WARN_COMMA = YES;
				CLANG_WARN_CONSTANT_CONVERSION = YES;
				CLANG_WARN_DEPRECATED_OBJC_IMPLEMENTATIONS = YES;
				CLANG_WARN_DIRECT_OBJC_ISA_USAGE = YES_ERROR;
				CLANG_WARN_DOCUMENTATION_COMMENTS = YES;
				CLANG_WARN_EMPTY_BODY = YES;
				CLANG_WARN_ENUM_CONVERSION = YES;
				CLANG_WARN_INFINITE_RECURSION = YES;
				CLANG_WARN_INT_CONVERSION = YES;
				CLANG_WARN_NON_LITERAL_NULL_CONVERSION = YES;
				CLANG_WARN_OBJC_IMPLICIT_RETAIN_SELF = YES;
				CLANG_WARN_OBJC_LITERAL_CONVERSION = YES;
				CLANG_WARN_OBJC_ROOT_CLASS = YES_ERROR;
				CLANG_WARN_RANGE_LOOP_ANALYSIS = YES;
				CLANG_WARN_STRICT_PROTOTYPES = YES;
				CLANG_WARN_SUSPICIOUS_MOVE = YES;
				CLANG_WARN_UNGUARDED_AVAILABILITY = YES_AGGRESSIVE;
				CLANG_WARN_UNREACHABLE_CODE = YES;
				CLANG_WARN__DUPLICATE_METHOD_MATCH = YES;
				COPY_PHASE_STRIP = NO;
				DEBUG_INFORMATION_FORMAT = dwarf;
				ENABLE_STRICT_OBJC_MSGSEND = YES;
				ENABLE_TESTABILITY = YES;
				GCC_C_LANGUAGE_STANDARD = gnu11;
				GCC_DYNAMIC_NO_PIC = NO;
				GCC_NO_COMMON_BLOCKS = YES;
				GCC_OPTIMIZATION_LEVEL = 0;
				GCC_PREPROCESSOR_DEFINITIONS = (
					"DEBUG=1",
					"$(inherited)",
				);
				GCC_WARN_64_TO_32_BIT_CONVERSION = YES;
				GCC_WARN_ABOUT_RETURN_TYPE = YES_ERROR;
				GCC_WARN_UNDECLARED_SELECTOR = YES;
				GCC_WARN_UNINITIALIZED_AUTOS = YES_AGGRESSIVE;
				GCC_WARN_UNUSED_FUNCTION = YES;
				GCC_WARN_UNUSED_VARIABLE = YES;
				IPHONEOS_DEPLOYMENT_TARGET = 13.1;
				MTL_ENABLE_DEBUG_INFO = INCLUDE_SOURCE;
				MTL_FAST_MATH = YES;
				ONLY_ACTIVE_ARCH = YES;
				SDKROOT = iphoneos;
				SWIFT_ACTIVE_COMPILATION_CONDITIONS = DEBUG;
				SWIFT_OPTIMIZATION_LEVEL = "-Onone";
			};
			name = Debug;
		};
		753BB17D240D69A600305751 /* Release */ = {
			isa = XCBuildConfiguration;
			buildSettings = {
				ALWAYS_SEARCH_USER_PATHS = NO;
				CLANG_ANALYZER_NONNULL = YES;
				CLANG_ANALYZER_NUMBER_OBJECT_CONVERSION = YES_AGGRESSIVE;
				CLANG_CXX_LANGUAGE_STANDARD = "gnu++14";
				CLANG_CXX_LIBRARY = "libc++";
				CLANG_ENABLE_MODULES = YES;
				CLANG_ENABLE_OBJC_ARC = YES;
				CLANG_ENABLE_OBJC_WEAK = YES;
				CLANG_WARN_BLOCK_CAPTURE_AUTORELEASING = YES;
				CLANG_WARN_BOOL_CONVERSION = YES;
				CLANG_WARN_COMMA = YES;
				CLANG_WARN_CONSTANT_CONVERSION = YES;
				CLANG_WARN_DEPRECATED_OBJC_IMPLEMENTATIONS = YES;
				CLANG_WARN_DIRECT_OBJC_ISA_USAGE = YES_ERROR;
				CLANG_WARN_DOCUMENTATION_COMMENTS = YES;
				CLANG_WARN_EMPTY_BODY = YES;
				CLANG_WARN_ENUM_CONVERSION = YES;
				CLANG_WARN_INFINITE_RECURSION = YES;
				CLANG_WARN_INT_CONVERSION = YES;
				CLANG_WARN_NON_LITERAL_NULL_CONVERSION = YES;
				CLANG_WARN_OBJC_IMPLICIT_RETAIN_SELF = YES;
				CLANG_WARN_OBJC_LITERAL_CONVERSION = YES;
				CLANG_WARN_OBJC_ROOT_CLASS = YES_ERROR;
				CLANG_WARN_RANGE_LOOP_ANALYSIS = YES;
				CLANG_WARN_STRICT_PROTOTYPES = YES;
				CLANG_WARN_SUSPICIOUS_MOVE = YES;
				CLANG_WARN_UNGUARDED_AVAILABILITY = YES_AGGRESSIVE;
				CLANG_WARN_UNREACHABLE_CODE = YES;
				CLANG_WARN__DUPLICATE_METHOD_MATCH = YES;
				COPY_PHASE_STRIP = NO;
				DEBUG_INFORMATION_FORMAT = "dwarf-with-dsym";
				ENABLE_NS_ASSERTIONS = NO;
				ENABLE_STRICT_OBJC_MSGSEND = YES;
				GCC_C_LANGUAGE_STANDARD = gnu11;
				GCC_NO_COMMON_BLOCKS = YES;
				GCC_WARN_64_TO_32_BIT_CONVERSION = YES;
				GCC_WARN_ABOUT_RETURN_TYPE = YES_ERROR;
				GCC_WARN_UNDECLARED_SELECTOR = YES;
				GCC_WARN_UNINITIALIZED_AUTOS = YES_AGGRESSIVE;
				GCC_WARN_UNUSED_FUNCTION = YES;
				GCC_WARN_UNUSED_VARIABLE = YES;
				IPHONEOS_DEPLOYMENT_TARGET = 13.1;
				MTL_ENABLE_DEBUG_INFO = NO;
				MTL_FAST_MATH = YES;
				SDKROOT = iphoneos;
				SWIFT_COMPILATION_MODE = wholemodule;
				SWIFT_OPTIMIZATION_LEVEL = "-O";
				VALIDATE_PRODUCT = YES;
			};
			name = Release;
		};
		753BB17F240D69A600305751 /* Debug */ = {
			isa = XCBuildConfiguration;
			buildSettings = {
				ASSETCATALOG_COMPILER_APPICON_NAME = AppIcon;
				CODE_SIGN_STYLE = Automatic;
				DEVELOPMENT_TEAM = NRYJ47QJ4A;
				INFOPLIST_FILE = "'Za Hunter/Info.plist";
				LD_RUNPATH_SEARCH_PATHS = (
					"$(inherited)",
					"@executable_path/Frameworks",
				);
				PRODUCT_BUNDLE_IDENTIFIER = "NSD.-Za-Hunter";
				PRODUCT_NAME = "$(TARGET_NAME)";
				SWIFT_VERSION = 5.0;
				TARGETED_DEVICE_FAMILY = "1,2";
			};
			name = Debug;
		};
		753BB180240D69A600305751 /* Release */ = {
			isa = XCBuildConfiguration;
			buildSettings = {
				ASSETCATALOG_COMPILER_APPICON_NAME = AppIcon;
				CODE_SIGN_STYLE = Automatic;
				DEVELOPMENT_TEAM = NRYJ47QJ4A;
				INFOPLIST_FILE = "'Za Hunter/Info.plist";
				LD_RUNPATH_SEARCH_PATHS = (
					"$(inherited)",
					"@executable_path/Frameworks",
				);
				PRODUCT_BUNDLE_IDENTIFIER = "NSD.-Za-Hunter";
				PRODUCT_NAME = "$(TARGET_NAME)";
				SWIFT_VERSION = 5.0;
				TARGETED_DEVICE_FAMILY = "1,2";
			};
			name = Release;
		};
		753BB182240D69A600305751 /* Debug */ = {
			isa = XCBuildConfiguration;
			buildSettings = {
				ALWAYS_EMBED_SWIFT_STANDARD_LIBRARIES = YES;
				BUNDLE_LOADER = "$(TEST_HOST)";
				CODE_SIGN_STYLE = Automatic;
				DEVELOPMENT_TEAM = NRYJ47QJ4A;
				INFOPLIST_FILE = "'Za HunterTests/Info.plist";
				IPHONEOS_DEPLOYMENT_TARGET = 13.1;
				LD_RUNPATH_SEARCH_PATHS = (
					"$(inherited)",
					"@executable_path/Frameworks",
					"@loader_path/Frameworks",
				);
				PRODUCT_BUNDLE_IDENTIFIER = "NSD.-Za-HunterTests";
				PRODUCT_NAME = "$(TARGET_NAME)";
				SWIFT_VERSION = 5.0;
				TARGETED_DEVICE_FAMILY = "1,2";
				TEST_HOST = "$(BUILT_PRODUCTS_DIR)/'Za Hunter.app/'Za Hunter";
			};
			name = Debug;
		};
		753BB183240D69A600305751 /* Release */ = {
			isa = XCBuildConfiguration;
			buildSettings = {
				ALWAYS_EMBED_SWIFT_STANDARD_LIBRARIES = YES;
				BUNDLE_LOADER = "$(TEST_HOST)";
				CODE_SIGN_STYLE = Automatic;
				DEVELOPMENT_TEAM = NRYJ47QJ4A;
				INFOPLIST_FILE = "'Za HunterTests/Info.plist";
				IPHONEOS_DEPLOYMENT_TARGET = 13.1;
				LD_RUNPATH_SEARCH_PATHS = (
					"$(inherited)",
					"@executable_path/Frameworks",
					"@loader_path/Frameworks",
				);
				PRODUCT_BUNDLE_IDENTIFIER = "NSD.-Za-HunterTests";
				PRODUCT_NAME = "$(TARGET_NAME)";
				SWIFT_VERSION = 5.0;
				TARGETED_DEVICE_FAMILY = "1,2";
				TEST_HOST = "$(BUILT_PRODUCTS_DIR)/'Za Hunter.app/'Za Hunter";
			};
			name = Release;
		};
		753BB185240D69A600305751 /* Debug */ = {
			isa = XCBuildConfiguration;
			buildSettings = {
				ALWAYS_EMBED_SWIFT_STANDARD_LIBRARIES = YES;
				CODE_SIGN_STYLE = Automatic;
				DEVELOPMENT_TEAM = NRYJ47QJ4A;
				INFOPLIST_FILE = "'Za HunterUITests/Info.plist";
				LD_RUNPATH_SEARCH_PATHS = (
					"$(inherited)",
					"@executable_path/Frameworks",
					"@loader_path/Frameworks",
				);
				PRODUCT_BUNDLE_IDENTIFIER = "NSD.-Za-HunterUITests";
				PRODUCT_NAME = "$(TARGET_NAME)";
				SWIFT_VERSION = 5.0;
				TARGETED_DEVICE_FAMILY = "1,2";
				TEST_TARGET_NAME = "'Za Hunter";
			};
			name = Debug;
		};
		753BB186240D69A600305751 /* Release */ = {
			isa = XCBuildConfiguration;
			buildSettings = {
				ALWAYS_EMBED_SWIFT_STANDARD_LIBRARIES = YES;
				CODE_SIGN_STYLE = Automatic;
				DEVELOPMENT_TEAM = NRYJ47QJ4A;
				INFOPLIST_FILE = "'Za HunterUITests/Info.plist";
				LD_RUNPATH_SEARCH_PATHS = (
					"$(inherited)",
					"@executable_path/Frameworks",
					"@loader_path/Frameworks",
				);
				PRODUCT_BUNDLE_IDENTIFIER = "NSD.-Za-HunterUITests";
				PRODUCT_NAME = "$(TARGET_NAME)";
				SWIFT_VERSION = 5.0;
				TARGETED_DEVICE_FAMILY = "1,2";
				TEST_TARGET_NAME = "'Za Hunter";
			};
			name = Release;
		};
/* End XCBuildConfiguration section */

/* Begin XCConfigurationList section */
		753BB14F240D69A300305751 /* Build configuration list for PBXProject "'Za Hunter" */ = {
			isa = XCConfigurationList;
			buildConfigurations = (
				753BB17C240D69A600305751 /* Debug */,
				753BB17D240D69A600305751 /* Release */,
			);
			defaultConfigurationIsVisible = 0;
			defaultConfigurationName = Release;
		};
		753BB17E240D69A600305751 /* Build configuration list for PBXNativeTarget "'Za Hunter" */ = {
			isa = XCConfigurationList;
			buildConfigurations = (
				753BB17F240D69A600305751 /* Debug */,
				753BB180240D69A600305751 /* Release */,
			);
			defaultConfigurationIsVisible = 0;
			defaultConfigurationName = Release;
		};
		753BB181240D69A600305751 /* Build configuration list for PBXNativeTarget "'Za HunterTests" */ = {
			isa = XCConfigurationList;
			buildConfigurations = (
				753BB182240D69A600305751 /* Debug */,
				753BB183240D69A600305751 /* Release */,
			);
			defaultConfigurationIsVisible = 0;
			defaultConfigurationName = Release;
		};
		753BB184240D69A600305751 /* Build configuration list for PBXNativeTarget "'Za HunterUITests" */ = {
			isa = XCConfigurationList;
			buildConfigurations = (
				753BB185240D69A600305751 /* Debug */,
				753BB186240D69A600305751 /* Release */,
			);
			defaultConfigurationIsVisible = 0;
			defaultConfigurationName = Release;
		};
/* End XCConfigurationList section */
	};
	rootObject = 753BB14C240D69A300305751 /* Project object */;
}
